// !$*UTF8*$!
{
	archiveVersion = 1;
	classes = {
	};
	objectVersion = 51;
	objects = {

/* Begin PBXBuildFile section */
		0A7B4246D21EF731A0DEF91C /* Pods_PocketLuggage.framework in Frameworks */ = {isa = PBXBuildFile; fileRef = FAC7433AFB27EDC7A2C9EEE4 /* Pods_PocketLuggage.framework */; };
		AC180FD122DDC80100BA1105 /* LanguageViewModelTests.swift in Sources */ = {isa = PBXBuildFile; fileRef = AC180FD022DDC80100BA1105 /* LanguageViewModelTests.swift */; };
		AC27B100232FA5B1009CBB2D /* WeatherItemTest.swift in Sources */ = {isa = PBXBuildFile; fileRef = AC27B0FF232FA5B1009CBB2D /* WeatherItemTest.swift */; };
		AC27B103232FBD53009CBB2D /* LICENSE in Resources */ = {isa = PBXBuildFile; fileRef = AC27B101232FBD53009CBB2D /* LICENSE */; };
		AC2E3E5122D73A3B00F4BA30 /* Alert.swift in Sources */ = {isa = PBXBuildFile; fileRef = AC2E3E5022D73A3B00F4BA30 /* Alert.swift */; };
		AC48FD3322CE075D0029E545 /* LanguageViewModel.swift in Sources */ = {isa = PBXBuildFile; fileRef = AC48FD3222CE075D0029E545 /* LanguageViewModel.swift */; };
		AC516AD6230301AF00A998E8 /* MeteoViewModel.swift in Sources */ = {isa = PBXBuildFile; fileRef = AC516AD5230301AF00A998E8 /* MeteoViewModel.swift */; };
		AC516ADE2303577B00A998E8 /* MeteoDataSource.swift in Sources */ = {isa = PBXBuildFile; fileRef = AC516ADD2303577B00A998E8 /* MeteoDataSource.swift */; };
		AC59000F22EF422D00FC750C /* ConverterViewModel.swift in Sources */ = {isa = PBXBuildFile; fileRef = AC59000E22EF422D00FC750C /* ConverterViewModel.swift */; };
		AC59001322EF5F4600FC750C /* ConverterRepository.swift in Sources */ = {isa = PBXBuildFile; fileRef = AC59001222EF5F4600FC750C /* ConverterRepository.swift */; };
		AC5BE47E22CCD3DB0028216A /* LanguageDataSource.swift in Sources */ = {isa = PBXBuildFile; fileRef = AC5BE47D22CCD3DB0028216A /* LanguageDataSource.swift */; };
		AC65626B22B244BF005CE829 /* Main.storyboard in Resources */ = {isa = PBXBuildFile; fileRef = AC65626A22B244BF005CE829 /* Main.storyboard */; };
		AC6A62C222F2F0E200DDCA9E /* CurrencyItem.swift in Sources */ = {isa = PBXBuildFile; fileRef = AC6A62C122F2F0E200DDCA9E /* CurrencyItem.swift */; };
		AC6A62C422F2F0ED00DDCA9E /* Currency.swift in Sources */ = {isa = PBXBuildFile; fileRef = AC6A62C322F2F0ED00DDCA9E /* Currency.swift */; };
		AC6A62CB22F2FA4800DDCA9E /* HTTPEngine.swift in Sources */ = {isa = PBXBuildFile; fileRef = AC6A62CA22F2FA4800DDCA9E /* HTTPEngine.swift */; };
		AC6A62CD22F2FA5800DDCA9E /* HTTPClient.swift in Sources */ = {isa = PBXBuildFile; fileRef = AC6A62CC22F2FA5800DDCA9E /* HTTPClient.swift */; };
		AC6A62CF22F2FAEE00DDCA9E /* RequestCancelationToken.swift in Sources */ = {isa = PBXBuildFile; fileRef = AC6A62CE22F2FAEE00DDCA9E /* RequestCancelationToken.swift */; };
		AC71114A231FE089004274B9 /* MeteoRepository.swift in Sources */ = {isa = PBXBuildFile; fileRef = AC711149231FE089004274B9 /* MeteoRepository.swift */; };
		AC711150231FE09F004274B9 /* WeatherItem.swift in Sources */ = {isa = PBXBuildFile; fileRef = AC71114E231FE09F004274B9 /* WeatherItem.swift */; };
		AC711151231FE09F004274B9 /* Weather.swift in Sources */ = {isa = PBXBuildFile; fileRef = AC71114F231FE09F004274B9 /* Weather.swift */; };
		AC711154231FE10B004274B9 /* WeatherTableViewCell.swift in Sources */ = {isa = PBXBuildFile; fileRef = AC711153231FE10B004274B9 /* WeatherTableViewCell.swift */; };
		AC9840B223167C4E000A9FD8 /* ConverterViewModelTests.swift in Sources */ = {isa = PBXBuildFile; fileRef = AC9840B123167C4E000A9FD8 /* ConverterViewModelTests.swift */; };
		ACAADBBE22B23DF500C78423 /* AppDelegate.swift in Sources */ = {isa = PBXBuildFile; fileRef = ACAADBBD22B23DF500C78423 /* AppDelegate.swift */; };
		ACAADBC522B23DF600C78423 /* Assets.xcassets in Resources */ = {isa = PBXBuildFile; fileRef = ACAADBC422B23DF600C78423 /* Assets.xcassets */; };
		ACAADBC822B23DF600C78423 /* LaunchScreen.storyboard in Resources */ = {isa = PBXBuildFile; fileRef = ACAADBC622B23DF600C78423 /* LaunchScreen.storyboard */; };
		ACAADBDE22B23E6E00C78423 /* AppCoordinator.swift in Sources */ = {isa = PBXBuildFile; fileRef = ACAADBDD22B23E6E00C78423 /* AppCoordinator.swift */; };
		ACAADBE222B23EE100C78423 /* TabCoordinator.swift in Sources */ = {isa = PBXBuildFile; fileRef = ACAADBE122B23EE100C78423 /* TabCoordinator.swift */; };
		ACAADBE422B23F0200C78423 /* Screens.swift in Sources */ = {isa = PBXBuildFile; fileRef = ACAADBE322B23F0200C78423 /* Screens.swift */; };
		ACAADBE622B23F2400C78423 /* MeteoCoordinator.swift in Sources */ = {isa = PBXBuildFile; fileRef = ACAADBE522B23F2400C78423 /* MeteoCoordinator.swift */; };
		ACAADBE822B23F3800C78423 /* MeteoViewController.swift in Sources */ = {isa = PBXBuildFile; fileRef = ACAADBE722B23F3800C78423 /* MeteoViewController.swift */; };
		ACAADBEB22B23F6400C78423 /* ConverterCoordinator.swift in Sources */ = {isa = PBXBuildFile; fileRef = ACAADBEA22B23F6400C78423 /* ConverterCoordinator.swift */; };
		ACAADBED22B23F7F00C78423 /* ConverterviewController.swift in Sources */ = {isa = PBXBuildFile; fileRef = ACAADBEC22B23F7F00C78423 /* ConverterviewController.swift */; };
		ACAADBF022B23FAB00C78423 /* TranslatorCoordinator.swift in Sources */ = {isa = PBXBuildFile; fileRef = ACAADBEF22B23FAB00C78423 /* TranslatorCoordinator.swift */; };
		ACAADBF322B23FE400C78423 /* TranslatorViewController.swift in Sources */ = {isa = PBXBuildFile; fileRef = ACAADBF222B23FE400C78423 /* TranslatorViewController.swift */; };
		ACAADBF522B2400800C78423 /* TranslatorViewModel.swift in Sources */ = {isa = PBXBuildFile; fileRef = ACAADBF422B2400800C78423 /* TranslatorViewModel.swift */; };
		ACAADBF822B2406200C78423 /* LanguagesViewController.swift in Sources */ = {isa = PBXBuildFile; fileRef = ACAADBF722B2406200C78423 /* LanguagesViewController.swift */; };
		ACAADBFA22B2407B00C78423 /* LanguagesTableViewCell.swift in Sources */ = {isa = PBXBuildFile; fileRef = ACAADBF922B2407B00C78423 /* LanguagesTableViewCell.swift */; };
		ACAADBFE22B240EA00C78423 /* TranslatorRepository.swift in Sources */ = {isa = PBXBuildFile; fileRef = ACAADBFD22B240EA00C78423 /* TranslatorRepository.swift */; };
		ACC2BC7922F03E1400AD33B6 /* ConverterDataSource.swift in Sources */ = {isa = PBXBuildFile; fileRef = ACC2BC7822F03E1400AD33B6 /* ConverterDataSource.swift */; };
		ACE5879122C2231B0055CAF2 /* TranslatorViewModelTests.swift in Sources */ = {isa = PBXBuildFile; fileRef = ACE5878E22C21FA30055CAF2 /* TranslatorViewModelTests.swift */; };
		ACF390F522D34C0A00143A21 /* LanguagesRepository.swift in Sources */ = {isa = PBXBuildFile; fileRef = ACF390F422D34C0A00143A21 /* LanguagesRepository.swift */; };
/* End PBXBuildFile section */

/* Begin PBXContainerItemProxy section */
		ACAADBCF22B23DF700C78423 /* PBXContainerItemProxy */ = {
			isa = PBXContainerItemProxy;
			containerPortal = ACAADBB222B23DF500C78423 /* Project object */;
			proxyType = 1;
			remoteGlobalIDString = ACAADBB922B23DF500C78423;
			remoteInfo = PocketLuggage;
		};
/* End PBXContainerItemProxy section */

/* Begin PBXFileReference section */
		AC180FD022DDC80100BA1105 /* LanguageViewModelTests.swift */ = {isa = PBXFileReference; lastKnownFileType = sourcecode.swift; path = LanguageViewModelTests.swift; sourceTree = "<group>"; };
		AC27B0FF232FA5B1009CBB2D /* WeatherItemTest.swift */ = {isa = PBXFileReference; lastKnownFileType = sourcecode.swift; path = WeatherItemTest.swift; sourceTree = "<group>"; };
		AC27B101232FBD53009CBB2D /* LICENSE */ = {isa = PBXFileReference; fileEncoding = 4; lastKnownFileType = text; path = LICENSE; sourceTree = "<group>"; };
		AC2E3E5022D73A3B00F4BA30 /* Alert.swift */ = {isa = PBXFileReference; lastKnownFileType = sourcecode.swift; path = Alert.swift; sourceTree = "<group>"; };
		AC48FD3222CE075D0029E545 /* LanguageViewModel.swift */ = {isa = PBXFileReference; lastKnownFileType = sourcecode.swift; name = LanguageViewModel.swift; path = ../LanguageViewModel.swift; sourceTree = "<group>"; };
		AC516AD5230301AF00A998E8 /* MeteoViewModel.swift */ = {isa = PBXFileReference; lastKnownFileType = sourcecode.swift; path = MeteoViewModel.swift; sourceTree = "<group>"; };
		AC516ADD2303577B00A998E8 /* MeteoDataSource.swift */ = {isa = PBXFileReference; lastKnownFileType = sourcecode.swift; path = MeteoDataSource.swift; sourceTree = "<group>"; };
		AC59000E22EF422D00FC750C /* ConverterViewModel.swift */ = {isa = PBXFileReference; lastKnownFileType = sourcecode.swift; path = ConverterViewModel.swift; sourceTree = "<group>"; };
		AC59001222EF5F4600FC750C /* ConverterRepository.swift */ = {isa = PBXFileReference; lastKnownFileType = sourcecode.swift; path = ConverterRepository.swift; sourceTree = "<group>"; };
		AC5BE47D22CCD3DB0028216A /* LanguageDataSource.swift */ = {isa = PBXFileReference; lastKnownFileType = sourcecode.swift; name = LanguageDataSource.swift; path = Cells/LanguageDataSource.swift; sourceTree = "<group>"; };
		AC6273CE233221A100EEC914 /* weather.ttf */ = {isa = PBXFileReference; lastKnownFileType = file; name = weather.ttf; path = ../../../../../../Desktop/weather.ttf; sourceTree = "<group>"; };
		AC65626A22B244BF005CE829 /* Main.storyboard */ = {isa = PBXFileReference; lastKnownFileType = file.storyboard; path = Main.storyboard; sourceTree = "<group>"; };
		AC6A62C122F2F0E200DDCA9E /* CurrencyItem.swift */ = {isa = PBXFileReference; lastKnownFileType = sourcecode.swift; path = CurrencyItem.swift; sourceTree = "<group>"; };
		AC6A62C322F2F0ED00DDCA9E /* Currency.swift */ = {isa = PBXFileReference; lastKnownFileType = sourcecode.swift; path = Currency.swift; sourceTree = "<group>"; };
		AC6A62CA22F2FA4800DDCA9E /* HTTPEngine.swift */ = {isa = PBXFileReference; lastKnownFileType = sourcecode.swift; path = HTTPEngine.swift; sourceTree = "<group>"; };
		AC6A62CC22F2FA5800DDCA9E /* HTTPClient.swift */ = {isa = PBXFileReference; lastKnownFileType = sourcecode.swift; path = HTTPClient.swift; sourceTree = "<group>"; };
		AC6A62CE22F2FAEE00DDCA9E /* RequestCancelationToken.swift */ = {isa = PBXFileReference; lastKnownFileType = sourcecode.swift; path = RequestCancelationToken.swift; sourceTree = "<group>"; };
		AC711149231FE089004274B9 /* MeteoRepository.swift */ = {isa = PBXFileReference; fileEncoding = 4; lastKnownFileType = sourcecode.swift; path = MeteoRepository.swift; sourceTree = "<group>"; };
		AC71114E231FE09F004274B9 /* WeatherItem.swift */ = {isa = PBXFileReference; fileEncoding = 4; lastKnownFileType = sourcecode.swift; path = WeatherItem.swift; sourceTree = "<group>"; };
		AC71114F231FE09F004274B9 /* Weather.swift */ = {isa = PBXFileReference; fileEncoding = 4; lastKnownFileType = sourcecode.swift; path = Weather.swift; sourceTree = "<group>"; };
		AC711153231FE10B004274B9 /* WeatherTableViewCell.swift */ = {isa = PBXFileReference; lastKnownFileType = sourcecode.swift; path = WeatherTableViewCell.swift; sourceTree = "<group>"; };
		AC9840B123167C4E000A9FD8 /* ConverterViewModelTests.swift */ = {isa = PBXFileReference; lastKnownFileType = sourcecode.swift; path = ConverterViewModelTests.swift; sourceTree = "<group>"; };
		ACAADBBA22B23DF500C78423 /* PocketLuggage.app */ = {isa = PBXFileReference; explicitFileType = wrapper.application; includeInIndex = 0; path = PocketLuggage.app; sourceTree = BUILT_PRODUCTS_DIR; };
		ACAADBBD22B23DF500C78423 /* AppDelegate.swift */ = {isa = PBXFileReference; lastKnownFileType = sourcecode.swift; path = AppDelegate.swift; sourceTree = "<group>"; };
		ACAADBC422B23DF600C78423 /* Assets.xcassets */ = {isa = PBXFileReference; lastKnownFileType = folder.assetcatalog; path = Assets.xcassets; sourceTree = "<group>"; };
		ACAADBC722B23DF600C78423 /* Base */ = {isa = PBXFileReference; lastKnownFileType = file.storyboard; name = Base; path = Base.lproj/LaunchScreen.storyboard; sourceTree = "<group>"; };
		ACAADBC922B23DF700C78423 /* Info.plist */ = {isa = PBXFileReference; lastKnownFileType = text.plist.xml; path = Info.plist; sourceTree = "<group>"; };
		ACAADBCE22B23DF700C78423 /* PocketLuggageTests.xctest */ = {isa = PBXFileReference; explicitFileType = wrapper.cfbundle; includeInIndex = 0; path = PocketLuggageTests.xctest; sourceTree = BUILT_PRODUCTS_DIR; };
		ACAADBD422B23DF700C78423 /* Info.plist */ = {isa = PBXFileReference; lastKnownFileType = text.plist.xml; path = Info.plist; sourceTree = "<group>"; };
		ACAADBDD22B23E6E00C78423 /* AppCoordinator.swift */ = {isa = PBXFileReference; lastKnownFileType = sourcecode.swift; path = AppCoordinator.swift; sourceTree = "<group>"; };
		ACAADBE122B23EE100C78423 /* TabCoordinator.swift */ = {isa = PBXFileReference; lastKnownFileType = sourcecode.swift; path = TabCoordinator.swift; sourceTree = "<group>"; };
		ACAADBE322B23F0200C78423 /* Screens.swift */ = {isa = PBXFileReference; lastKnownFileType = sourcecode.swift; path = Screens.swift; sourceTree = "<group>"; };
		ACAADBE522B23F2400C78423 /* MeteoCoordinator.swift */ = {isa = PBXFileReference; lastKnownFileType = sourcecode.swift; path = MeteoCoordinator.swift; sourceTree = "<group>"; };
		ACAADBE722B23F3800C78423 /* MeteoViewController.swift */ = {isa = PBXFileReference; lastKnownFileType = sourcecode.swift; path = MeteoViewController.swift; sourceTree = "<group>"; };
		ACAADBEA22B23F6400C78423 /* ConverterCoordinator.swift */ = {isa = PBXFileReference; lastKnownFileType = sourcecode.swift; path = ConverterCoordinator.swift; sourceTree = "<group>"; };
		ACAADBEC22B23F7F00C78423 /* ConverterviewController.swift */ = {isa = PBXFileReference; lastKnownFileType = sourcecode.swift; path = ConverterviewController.swift; sourceTree = "<group>"; };
		ACAADBEF22B23FAB00C78423 /* TranslatorCoordinator.swift */ = {isa = PBXFileReference; lastKnownFileType = sourcecode.swift; path = TranslatorCoordinator.swift; sourceTree = "<group>"; };
		ACAADBF222B23FE400C78423 /* TranslatorViewController.swift */ = {isa = PBXFileReference; lastKnownFileType = sourcecode.swift; path = TranslatorViewController.swift; sourceTree = "<group>"; };
		ACAADBF422B2400800C78423 /* TranslatorViewModel.swift */ = {isa = PBXFileReference; lastKnownFileType = sourcecode.swift; path = TranslatorViewModel.swift; sourceTree = "<group>"; };
		ACAADBF722B2406200C78423 /* LanguagesViewController.swift */ = {isa = PBXFileReference; lastKnownFileType = sourcecode.swift; path = LanguagesViewController.swift; sourceTree = "<group>"; };
		ACAADBF922B2407B00C78423 /* LanguagesTableViewCell.swift */ = {isa = PBXFileReference; lastKnownFileType = sourcecode.swift; path = LanguagesTableViewCell.swift; sourceTree = "<group>"; };
		ACAADBFD22B240EA00C78423 /* TranslatorRepository.swift */ = {isa = PBXFileReference; lastKnownFileType = sourcecode.swift; path = TranslatorRepository.swift; sourceTree = "<group>"; };
		ACC2BC7822F03E1400AD33B6 /* ConverterDataSource.swift */ = {isa = PBXFileReference; lastKnownFileType = sourcecode.swift; name = ConverterDataSource.swift; path = ../Translator/Languages/ConverterDataSource.swift; sourceTree = "<group>"; };
		ACE5878E22C21FA30055CAF2 /* TranslatorViewModelTests.swift */ = {isa = PBXFileReference; lastKnownFileType = sourcecode.swift; path = TranslatorViewModelTests.swift; sourceTree = "<group>"; };
		ACF390F422D34C0A00143A21 /* LanguagesRepository.swift */ = {isa = PBXFileReference; lastKnownFileType = sourcecode.swift; path = LanguagesRepository.swift; sourceTree = "<group>"; };
		B6FB16AB562134500EDB72AB /* Pods-PocketLuggage.debug.xcconfig */ = {isa = PBXFileReference; includeInIndex = 1; lastKnownFileType = text.xcconfig; name = "Pods-PocketLuggage.debug.xcconfig"; path = "Target Support Files/Pods-PocketLuggage/Pods-PocketLuggage.debug.xcconfig"; sourceTree = "<group>"; };
		F943260D96A68EC97277FAC9 /* Pods-PocketLuggage.release.xcconfig */ = {isa = PBXFileReference; includeInIndex = 1; lastKnownFileType = text.xcconfig; name = "Pods-PocketLuggage.release.xcconfig"; path = "Target Support Files/Pods-PocketLuggage/Pods-PocketLuggage.release.xcconfig"; sourceTree = "<group>"; };
		FAC7433AFB27EDC7A2C9EEE4 /* Pods_PocketLuggage.framework */ = {isa = PBXFileReference; explicitFileType = wrapper.framework; includeInIndex = 0; path = Pods_PocketLuggage.framework; sourceTree = BUILT_PRODUCTS_DIR; };
/* End PBXFileReference section */

/* Begin PBXFrameworksBuildPhase section */
		ACAADBB722B23DF500C78423 /* Frameworks */ = {
			isa = PBXFrameworksBuildPhase;
			buildActionMask = 2147483647;
			files = (
				0A7B4246D21EF731A0DEF91C /* Pods_PocketLuggage.framework in Frameworks */,
			);
			runOnlyForDeploymentPostprocessing = 0;
		};
		ACAADBCB22B23DF700C78423 /* Frameworks */ = {
			isa = PBXFrameworksBuildPhase;
			buildActionMask = 2147483647;
			files = (
			);
			runOnlyForDeploymentPostprocessing = 0;
		};
/* End PBXFrameworksBuildPhase section */

/* Begin PBXGroup section */
		2AB62C0B52DB9DD9E334C9EB /* Frameworks */ = {
			isa = PBXGroup;
			children = (
				FAC7433AFB27EDC7A2C9EEE4 /* Pods_PocketLuggage.framework */,
			);
			name = Frameworks;
			sourceTree = "<group>";
		};
		8A447992368FB29C4DFCAE94 /* Pods */ = {
			isa = PBXGroup;
			children = (
				B6FB16AB562134500EDB72AB /* Pods-PocketLuggage.debug.xcconfig */,
				F943260D96A68EC97277FAC9 /* Pods-PocketLuggage.release.xcconfig */,
			);
			path = Pods;
			sourceTree = "<group>";
		};
		AC6A62C022F2F0D100DDCA9E /* New Group */ = {
			isa = PBXGroup;
			children = (
				AC6A62C122F2F0E200DDCA9E /* CurrencyItem.swift */,
				AC6A62C322F2F0ED00DDCA9E /* Currency.swift */,
			);
			path = "New Group";
			sourceTree = "<group>";
		};
		AC6A62C522F2F91300DDCA9E /* Network */ = {
			isa = PBXGroup;
			children = (
				AC6A62CA22F2FA4800DDCA9E /* HTTPEngine.swift */,
				AC6A62CE22F2FAEE00DDCA9E /* RequestCancelationToken.swift */,
				AC6A62CC22F2FA5800DDCA9E /* HTTPClient.swift */,
			);
			path = Network;
			sourceTree = "<group>";
		};
		AC71114D231FE09F004274B9 /* Model */ = {
			isa = PBXGroup;
			children = (
				AC71114E231FE09F004274B9 /* WeatherItem.swift */,
				AC71114F231FE09F004274B9 /* Weather.swift */,
			);
			path = Model;
			sourceTree = "<group>";
		};
		AC711152231FE0B7004274B9 /* Cells */ = {
			isa = PBXGroup;
			children = (
				AC711153231FE10B004274B9 /* WeatherTableViewCell.swift */,
			);
			path = Cells;
			sourceTree = "<group>";
		};
		AC9840B52316A8D2000A9FD8 /* Converter */ = {
			isa = PBXGroup;
			children = (
				AC9840B123167C4E000A9FD8 /* ConverterViewModelTests.swift */,
			);
			path = Converter;
			sourceTree = "<group>";
		};
		AC9840B62316A8E3000A9FD8 /* Language */ = {
			isa = PBXGroup;
			children = (
				AC180FD022DDC80100BA1105 /* LanguageViewModelTests.swift */,
			);
			path = Language;
			sourceTree = "<group>";
		};
		ACAADBB122B23DF500C78423 = {
			isa = PBXGroup;
			children = (
				ACAADBBC22B23DF500C78423 /* PocketLuggage */,
				ACAADBD122B23DF700C78423 /* PocketLuggageTests */,
				ACAADBBB22B23DF500C78423 /* Products */,
				8A447992368FB29C4DFCAE94 /* Pods */,
				2AB62C0B52DB9DD9E334C9EB /* Frameworks */,
			);
			sourceTree = "<group>";
		};
		ACAADBBB22B23DF500C78423 /* Products */ = {
			isa = PBXGroup;
			children = (
				ACAADBBA22B23DF500C78423 /* PocketLuggage.app */,
				ACAADBCE22B23DF700C78423 /* PocketLuggageTests.xctest */,
			);
			name = Products;
			sourceTree = "<group>";
		};
		ACAADBBC22B23DF500C78423 /* PocketLuggage */ = {
			isa = PBXGroup;
			children = (
				ACAADBDF22B23EA900C78423 /* Source */,
				ACAADBE022B23EB900C78423 /* Ressources */,
			);
			path = PocketLuggage;
			sourceTree = "<group>";
		};
		ACAADBD122B23DF700C78423 /* PocketLuggageTests */ = {
			isa = PBXGroup;
			children = (
				AC27B0FF232FA5B1009CBB2D /* WeatherItemTest.swift */,
				AC9840B62316A8E3000A9FD8 /* Language */,
				AC9840B52316A8D2000A9FD8 /* Converter */,
				ACE5879022C221C10055CAF2 /* Translator */,
				ACAADBD422B23DF700C78423 /* Info.plist */,
			);
			path = PocketLuggageTests;
			sourceTree = "<group>";
		};
		ACAADBDF22B23EA900C78423 /* Source */ = {
			isa = PBXGroup;
			children = (
				AC65626A22B244BF005CE829 /* Main.storyboard */,
				ACAADBBD22B23DF500C78423 /* AppDelegate.swift */,
				ACAADBDD22B23E6E00C78423 /* AppCoordinator.swift */,
				ACAADBE122B23EE100C78423 /* TabCoordinator.swift */,
				ACAADBE322B23F0200C78423 /* Screens.swift */,
				ACAADBF122B23FBC00C78423 /* Translator */,
				ACAADBEE22B23F8700C78423 /* Converter */,
				ACAADBE922B23F4200C78423 /* Meteo */,
				ACAADC0122B2412A00C78423 /* Alert */,
				AC6A62C522F2F91300DDCA9E /* Network */,
			);
			path = Source;
			sourceTree = "<group>";
		};
		ACAADBE022B23EB900C78423 /* Ressources */ = {
			isa = PBXGroup;
			children = (
				AC27B101232FBD53009CBB2D /* LICENSE */,
				AC6273CE233221A100EEC914 /* weather.ttf */,
				ACAADBC922B23DF700C78423 /* Info.plist */,
				ACAADBC622B23DF600C78423 /* LaunchScreen.storyboard */,
				ACAADBC422B23DF600C78423 /* Assets.xcassets */,
			);
			path = Ressources;
			sourceTree = "<group>";
		};
		ACAADBE922B23F4200C78423 /* Meteo */ = {
			isa = PBXGroup;
			children = (
				AC711152231FE0B7004274B9 /* Cells */,
				AC71114D231FE09F004274B9 /* Model */,
				ACAADBE722B23F3800C78423 /* MeteoViewController.swift */,
				AC516ADD2303577B00A998E8 /* MeteoDataSource.swift */,
				AC711149231FE089004274B9 /* MeteoRepository.swift */,
				AC516AD5230301AF00A998E8 /* MeteoViewModel.swift */,
				ACAADBE522B23F2400C78423 /* MeteoCoordinator.swift */,
			);
			path = Meteo;
			sourceTree = "<group>";
		};
		ACAADBEE22B23F8700C78423 /* Converter */ = {
			isa = PBXGroup;
			children = (
				AC6A62C022F2F0D100DDCA9E /* New Group */,
				ACAADBEC22B23F7F00C78423 /* ConverterviewController.swift */,
				AC59000E22EF422D00FC750C /* ConverterViewModel.swift */,
				AC59001222EF5F4600FC750C /* ConverterRepository.swift */,
				ACC2BC7822F03E1400AD33B6 /* ConverterDataSource.swift */,
				ACAADBEA22B23F6400C78423 /* ConverterCoordinator.swift */,
			);
			path = Converter;
			sourceTree = "<group>";
		};
		ACAADBF122B23FBC00C78423 /* Translator */ = {
			isa = PBXGroup;
			children = (
				ACAADBF622B2401B00C78423 /* Translate */,
				ACAADBFC22B240C500C78423 /* Languages */,
				ACAADBEF22B23FAB00C78423 /* TranslatorCoordinator.swift */,
			);
			path = Translator;
			sourceTree = "<group>";
		};
		ACAADBF622B2401B00C78423 /* Translate */ = {
			isa = PBXGroup;
			children = (
				ACAADBF222B23FE400C78423 /* TranslatorViewController.swift */,
				ACAADBF422B2400800C78423 /* TranslatorViewModel.swift */,
				ACAADBFD22B240EA00C78423 /* TranslatorRepository.swift */,
			);
			path = Translate;
			sourceTree = "<group>";
		};
		ACAADBFB22B2408900C78423 /* Cells */ = {
			isa = PBXGroup;
			children = (
				ACAADBF922B2407B00C78423 /* LanguagesTableViewCell.swift */,
			);
			path = Cells;
			sourceTree = "<group>";
		};
		ACAADBFC22B240C500C78423 /* Languages */ = {
			isa = PBXGroup;
			children = (
				ACAADBFB22B2408900C78423 /* Cells */,
				AC5BE47D22CCD3DB0028216A /* LanguageDataSource.swift */,
				ACAADBF722B2406200C78423 /* LanguagesViewController.swift */,
				ACF390F422D34C0A00143A21 /* LanguagesRepository.swift */,
				AC48FD3222CE075D0029E545 /* LanguageViewModel.swift */,
			);
			path = Languages;
			sourceTree = "<group>";
		};
		ACAADC0122B2412A00C78423 /* Alert */ = {
			isa = PBXGroup;
			children = (
				AC2E3E5022D73A3B00F4BA30 /* Alert.swift */,
			);
			path = Alert;
			sourceTree = "<group>";
		};
		ACE5879022C221C10055CAF2 /* Translator */ = {
			isa = PBXGroup;
			children = (
				ACE5878E22C21FA30055CAF2 /* TranslatorViewModelTests.swift */,
			);
			path = Translator;
			sourceTree = "<group>";
		};
/* End PBXGroup section */

/* Begin PBXNativeTarget section */
		ACAADBB922B23DF500C78423 /* PocketLuggage */ = {
			isa = PBXNativeTarget;
			buildConfigurationList = ACAADBD722B23DF700C78423 /* Build configuration list for PBXNativeTarget "PocketLuggage" */;
			buildPhases = (
				F8A8187B15822A8E082F6A46 /* [CP] Check Pods Manifest.lock */,
				ACAADBB622B23DF500C78423 /* Sources */,
				ACAADBB722B23DF500C78423 /* Frameworks */,
				ACAADBB822B23DF500C78423 /* Resources */,
				CBEF5369E13089AADC71B2F4 /* [CP] Embed Pods Frameworks */,
			);
			buildRules = (
			);
			dependencies = (
			);
			name = PocketLuggage;
			productName = PocketLuggage;
			productReference = ACAADBBA22B23DF500C78423 /* PocketLuggage.app */;
			productType = "com.apple.product-type.application";
		};
		ACAADBCD22B23DF700C78423 /* PocketLuggageTests */ = {
			isa = PBXNativeTarget;
			buildConfigurationList = ACAADBDA22B23DF700C78423 /* Build configuration list for PBXNativeTarget "PocketLuggageTests" */;
			buildPhases = (
				ACAADBCA22B23DF700C78423 /* Sources */,
				ACAADBCB22B23DF700C78423 /* Frameworks */,
				ACAADBCC22B23DF700C78423 /* Resources */,
			);
			buildRules = (
			);
			dependencies = (
				ACAADBD022B23DF700C78423 /* PBXTargetDependency */,
			);
			name = PocketLuggageTests;
			productName = PocketLuggageTests;
			productReference = ACAADBCE22B23DF700C78423 /* PocketLuggageTests.xctest */;
			productType = "com.apple.product-type.bundle.unit-test";
		};
/* End PBXNativeTarget section */

/* Begin PBXProject section */
		ACAADBB222B23DF500C78423 /* Project object */ = {
			isa = PBXProject;
			attributes = {
				LastSwiftUpdateCheck = 1020;
				LastUpgradeCheck = 1020;
				ORGANIZATIONNAME = "Alexandre Quiblier";
				TargetAttributes = {
					ACAADBB922B23DF500C78423 = {
						CreatedOnToolsVersion = 10.2.1;
					};
					ACAADBCD22B23DF700C78423 = {
						CreatedOnToolsVersion = 10.2.1;
						TestTargetID = ACAADBB922B23DF500C78423;
					};
				};
			};
			buildConfigurationList = ACAADBB522B23DF500C78423 /* Build configuration list for PBXProject "PocketLuggage" */;
			compatibilityVersion = "Xcode 9.3";
			developmentRegion = en;
			hasScannedForEncodings = 0;
			knownRegions = (
				en,
				Base,
			);
			mainGroup = ACAADBB122B23DF500C78423;
			productRefGroup = ACAADBBB22B23DF500C78423 /* Products */;
			projectDirPath = "";
			projectRoot = "";
			targets = (
				ACAADBB922B23DF500C78423 /* PocketLuggage */,
				ACAADBCD22B23DF700C78423 /* PocketLuggageTests */,
			);
		};
/* End PBXProject section */

/* Begin PBXResourcesBuildPhase section */
		ACAADBB822B23DF500C78423 /* Resources */ = {
			isa = PBXResourcesBuildPhase;
			buildActionMask = 2147483647;
			files = (
				AC65626B22B244BF005CE829 /* Main.storyboard in Resources */,
				ACAADBC822B23DF600C78423 /* LaunchScreen.storyboard in Resources */,
				AC27B103232FBD53009CBB2D /* LICENSE in Resources */,
				ACAADBC522B23DF600C78423 /* Assets.xcassets in Resources */,
			);
			runOnlyForDeploymentPostprocessing = 0;
		};
		ACAADBCC22B23DF700C78423 /* Resources */ = {
			isa = PBXResourcesBuildPhase;
			buildActionMask = 2147483647;
			files = (
			);
			runOnlyForDeploymentPostprocessing = 0;
		};
/* End PBXResourcesBuildPhase section */

/* Begin PBXShellScriptBuildPhase section */
		CBEF5369E13089AADC71B2F4 /* [CP] Embed Pods Frameworks */ = {
			isa = PBXShellScriptBuildPhase;
			buildActionMask = 2147483647;
			files = (
			);
			inputFileListPaths = (
				"${PODS_ROOT}/Target Support Files/Pods-PocketLuggage/Pods-PocketLuggage-frameworks-${CONFIGURATION}-input-files.xcfilelist",
			);
			name = "[CP] Embed Pods Frameworks";
			outputFileListPaths = (
				"${PODS_ROOT}/Target Support Files/Pods-PocketLuggage/Pods-PocketLuggage-frameworks-${CONFIGURATION}-output-files.xcfilelist",
			);
			runOnlyForDeploymentPostprocessing = 0;
			shellPath = /bin/sh;
			shellScript = "\"${PODS_ROOT}/Target Support Files/Pods-PocketLuggage/Pods-PocketLuggage-frameworks.sh\"\n";
			showEnvVarsInLog = 0;
		};
		F8A8187B15822A8E082F6A46 /* [CP] Check Pods Manifest.lock */ = {
			isa = PBXShellScriptBuildPhase;
			buildActionMask = 2147483647;
			files = (
			);
			inputFileListPaths = (
			);
			inputPaths = (
				"${PODS_PODFILE_DIR_PATH}/Podfile.lock",
				"${PODS_ROOT}/Manifest.lock",
			);
			name = "[CP] Check Pods Manifest.lock";
			outputFileListPaths = (
			);
			outputPaths = (
				"$(DERIVED_FILE_DIR)/Pods-PocketLuggage-checkManifestLockResult.txt",
			);
			runOnlyForDeploymentPostprocessing = 0;
			shellPath = /bin/sh;
			shellScript = "diff \"${PODS_PODFILE_DIR_PATH}/Podfile.lock\" \"${PODS_ROOT}/Manifest.lock\" > /dev/null\nif [ $? != 0 ] ; then\n    # print error to STDERR\n    echo \"error: The sandbox is not in sync with the Podfile.lock. Run 'pod install' or update your CocoaPods installation.\" >&2\n    exit 1\nfi\n# This output is used by Xcode 'outputs' to avoid re-running this script phase.\necho \"SUCCESS\" > \"${SCRIPT_OUTPUT_FILE_0}\"\n";
			showEnvVarsInLog = 0;
		};
/* End PBXShellScriptBuildPhase section */

/* Begin PBXSourcesBuildPhase section */
		ACAADBB622B23DF500C78423 /* Sources */ = {
			isa = PBXSourcesBuildPhase;
			buildActionMask = 2147483647;
			files = (
				ACAADBF022B23FAB00C78423 /* TranslatorCoordinator.swift in Sources */,
				AC6A62CF22F2FAEE00DDCA9E /* RequestCancelationToken.swift in Sources */,
				AC6A62CD22F2FA5800DDCA9E /* HTTPClient.swift in Sources */,
				AC711150231FE09F004274B9 /* WeatherItem.swift in Sources */,
				ACAADBE622B23F2400C78423 /* MeteoCoordinator.swift in Sources */,
				AC71114A231FE089004274B9 /* MeteoRepository.swift in Sources */,
				AC5BE47E22CCD3DB0028216A /* LanguageDataSource.swift in Sources */,
				AC48FD3322CE075D0029E545 /* LanguageViewModel.swift in Sources */,
				ACAADBF822B2406200C78423 /* LanguagesViewController.swift in Sources */,
				AC6A62C222F2F0E200DDCA9E /* CurrencyItem.swift in Sources */,
				AC2E3E5122D73A3B00F4BA30 /* Alert.swift in Sources */,
				AC59000F22EF422D00FC750C /* ConverterViewModel.swift in Sources */,
				ACAADBDE22B23E6E00C78423 /* AppCoordinator.swift in Sources */,
				AC6A62CB22F2FA4800DDCA9E /* HTTPEngine.swift in Sources */,
				ACAADBE222B23EE100C78423 /* TabCoordinator.swift in Sources */,
				ACF390F522D34C0A00143A21 /* LanguagesRepository.swift in Sources */,
				ACAADBF322B23FE400C78423 /* TranslatorViewController.swift in Sources */,
				AC516AD6230301AF00A998E8 /* MeteoViewModel.swift in Sources */,
				ACAADBBE22B23DF500C78423 /* AppDelegate.swift in Sources */,
				ACAADBFE22B240EA00C78423 /* TranslatorRepository.swift in Sources */,
				AC6A62C422F2F0ED00DDCA9E /* Currency.swift in Sources */,
				AC516ADE2303577B00A998E8 /* MeteoDataSource.swift in Sources */,
				ACAADBE422B23F0200C78423 /* Screens.swift in Sources */,
				AC711154231FE10B004274B9 /* WeatherTableViewCell.swift in Sources */,
				AC711151231FE09F004274B9 /* Weather.swift in Sources */,
				ACC2BC7922F03E1400AD33B6 /* ConverterDataSource.swift in Sources */,
				ACAADBE822B23F3800C78423 /* MeteoViewController.swift in Sources */,
				ACAADBF522B2400800C78423 /* TranslatorViewModel.swift in Sources */,
				ACAADBFA22B2407B00C78423 /* LanguagesTableViewCell.swift in Sources */,
				ACAADBEB22B23F6400C78423 /* ConverterCoordinator.swift in Sources */,
				ACAADBED22B23F7F00C78423 /* ConverterviewController.swift in Sources */,
				AC59001322EF5F4600FC750C /* ConverterRepository.swift in Sources */,
			);
			runOnlyForDeploymentPostprocessing = 0;
		};
		ACAADBCA22B23DF700C78423 /* Sources */ = {
			isa = PBXSourcesBuildPhase;
			buildActionMask = 2147483647;
			files = (
				AC180FD122DDC80100BA1105 /* LanguageViewModelTests.swift in Sources */,
				AC9840B223167C4E000A9FD8 /* ConverterViewModelTests.swift in Sources */,
				ACE5879122C2231B0055CAF2 /* TranslatorViewModelTests.swift in Sources */,
				AC27B100232FA5B1009CBB2D /* WeatherItemTest.swift in Sources */,
			);
			runOnlyForDeploymentPostprocessing = 0;
		};
/* End PBXSourcesBuildPhase section */

/* Begin PBXTargetDependency section */
		ACAADBD022B23DF700C78423 /* PBXTargetDependency */ = {
			isa = PBXTargetDependency;
			target = ACAADBB922B23DF500C78423 /* PocketLuggage */;
			targetProxy = ACAADBCF22B23DF700C78423 /* PBXContainerItemProxy */;
		};
/* End PBXTargetDependency section */

/* Begin PBXVariantGroup section */
		ACAADBC622B23DF600C78423 /* LaunchScreen.storyboard */ = {
			isa = PBXVariantGroup;
			children = (
				ACAADBC722B23DF600C78423 /* Base */,
			);
			name = LaunchScreen.storyboard;
			sourceTree = "<group>";
		};
/* End PBXVariantGroup section */

/* Begin XCBuildConfiguration section */
		ACAADBD522B23DF700C78423 /* Debug */ = {
			isa = XCBuildConfiguration;
			buildSettings = {
				ALWAYS_SEARCH_USER_PATHS = NO;
				CLANG_ANALYZER_NONNULL = YES;
				CLANG_ANALYZER_NUMBER_OBJECT_CONVERSION = YES_AGGRESSIVE;
				CLANG_CXX_LANGUAGE_STANDARD = "gnu++14";
				CLANG_CXX_LIBRARY = "libc++";
				CLANG_ENABLE_MODULES = YES;
				CLANG_ENABLE_OBJC_ARC = YES;
				CLANG_ENABLE_OBJC_WEAK = YES;
				CLANG_WARN_BLOCK_CAPTURE_AUTORELEASING = YES;
				CLANG_WARN_BOOL_CONVERSION = YES;
				CLANG_WARN_COMMA = YES;
				CLANG_WARN_CONSTANT_CONVERSION = YES;
				CLANG_WARN_DEPRECATED_OBJC_IMPLEMENTATIONS = YES;
				CLANG_WARN_DIRECT_OBJC_ISA_USAGE = YES_ERROR;
				CLANG_WARN_DOCUMENTATION_COMMENTS = YES;
				CLANG_WARN_EMPTY_BODY = YES;
				CLANG_WARN_ENUM_CONVERSION = YES;
				CLANG_WARN_INFINITE_RECURSION = YES;
				CLANG_WARN_INT_CONVERSION = YES;
				CLANG_WARN_NON_LITERAL_NULL_CONVERSION = YES;
				CLANG_WARN_OBJC_IMPLICIT_RETAIN_SELF = YES;
				CLANG_WARN_OBJC_LITERAL_CONVERSION = YES;
				CLANG_WARN_OBJC_ROOT_CLASS = YES_ERROR;
				CLANG_WARN_RANGE_LOOP_ANALYSIS = YES;
				CLANG_WARN_STRICT_PROTOTYPES = YES;
				CLANG_WARN_SUSPICIOUS_MOVE = YES;
				CLANG_WARN_UNGUARDED_AVAILABILITY = YES_AGGRESSIVE;
				CLANG_WARN_UNREACHABLE_CODE = YES;
				CLANG_WARN__DUPLICATE_METHOD_MATCH = YES;
				CODE_SIGN_IDENTITY = "iPhone Developer";
				COPY_PHASE_STRIP = NO;
				DEBUG_INFORMATION_FORMAT = dwarf;
				ENABLE_STRICT_OBJC_MSGSEND = YES;
				ENABLE_TESTABILITY = YES;
				GCC_C_LANGUAGE_STANDARD = gnu11;
				GCC_DYNAMIC_NO_PIC = NO;
				GCC_NO_COMMON_BLOCKS = YES;
				GCC_OPTIMIZATION_LEVEL = 0;
				GCC_PREPROCESSOR_DEFINITIONS = (
					"DEBUG=1",
					"$(inherited)",
				);
				GCC_WARN_64_TO_32_BIT_CONVERSION = YES;
				GCC_WARN_ABOUT_RETURN_TYPE = YES_ERROR;
				GCC_WARN_UNDECLARED_SELECTOR = YES;
				GCC_WARN_UNINITIALIZED_AUTOS = YES_AGGRESSIVE;
				GCC_WARN_UNUSED_FUNCTION = YES;
				GCC_WARN_UNUSED_VARIABLE = YES;
				IPHONEOS_DEPLOYMENT_TARGET = 12.2;
				MTL_ENABLE_DEBUG_INFO = INCLUDE_SOURCE;
				MTL_FAST_MATH = YES;
				ONLY_ACTIVE_ARCH = YES;
				SDKROOT = iphoneos;
				SWIFT_ACTIVE_COMPILATION_CONDITIONS = DEBUG;
				SWIFT_OPTIMIZATION_LEVEL = "-Onone";
			};
			name = Debug;
		};
		ACAADBD622B23DF700C78423 /* Release */ = {
			isa = XCBuildConfiguration;
			buildSettings = {
				ALWAYS_SEARCH_USER_PATHS = NO;
				CLANG_ANALYZER_NONNULL = YES;
				CLANG_ANALYZER_NUMBER_OBJECT_CONVERSION = YES_AGGRESSIVE;
				CLANG_CXX_LANGUAGE_STANDARD = "gnu++14";
				CLANG_CXX_LIBRARY = "libc++";
				CLANG_ENABLE_MODULES = YES;
				CLANG_ENABLE_OBJC_ARC = YES;
				CLANG_ENABLE_OBJC_WEAK = YES;
				CLANG_WARN_BLOCK_CAPTURE_AUTORELEASING = YES;
				CLANG_WARN_BOOL_CONVERSION = YES;
				CLANG_WARN_COMMA = YES;
				CLANG_WARN_CONSTANT_CONVERSION = YES;
				CLANG_WARN_DEPRECATED_OBJC_IMPLEMENTATIONS = YES;
				CLANG_WARN_DIRECT_OBJC_ISA_USAGE = YES_ERROR;
				CLANG_WARN_DOCUMENTATION_COMMENTS = YES;
				CLANG_WARN_EMPTY_BODY = YES;
				CLANG_WARN_ENUM_CONVERSION = YES;
				CLANG_WARN_INFINITE_RECURSION = YES;
				CLANG_WARN_INT_CONVERSION = YES;
				CLANG_WARN_NON_LITERAL_NULL_CONVERSION = YES;
				CLANG_WARN_OBJC_IMPLICIT_RETAIN_SELF = YES;
				CLANG_WARN_OBJC_LITERAL_CONVERSION = YES;
				CLANG_WARN_OBJC_ROOT_CLASS = YES_ERROR;
				CLANG_WARN_RANGE_LOOP_ANALYSIS = YES;
				CLANG_WARN_STRICT_PROTOTYPES = YES;
				CLANG_WARN_SUSPICIOUS_MOVE = YES;
				CLANG_WARN_UNGUARDED_AVAILABILITY = YES_AGGRESSIVE;
				CLANG_WARN_UNREACHABLE_CODE = YES;
				CLANG_WARN__DUPLICATE_METHOD_MATCH = YES;
				CODE_SIGN_IDENTITY = "iPhone Developer";
				COPY_PHASE_STRIP = NO;
				DEBUG_INFORMATION_FORMAT = "dwarf-with-dsym";
				ENABLE_NS_ASSERTIONS = NO;
				ENABLE_STRICT_OBJC_MSGSEND = YES;
				GCC_C_LANGUAGE_STANDARD = gnu11;
				GCC_NO_COMMON_BLOCKS = YES;
				GCC_WARN_64_TO_32_BIT_CONVERSION = YES;
				GCC_WARN_ABOUT_RETURN_TYPE = YES_ERROR;
				GCC_WARN_UNDECLARED_SELECTOR = YES;
				GCC_WARN_UNINITIALIZED_AUTOS = YES_AGGRESSIVE;
				GCC_WARN_UNUSED_FUNCTION = YES;
				GCC_WARN_UNUSED_VARIABLE = YES;
				IPHONEOS_DEPLOYMENT_TARGET = 12.2;
				MTL_ENABLE_DEBUG_INFO = NO;
				MTL_FAST_MATH = YES;
				SDKROOT = iphoneos;
				SWIFT_COMPILATION_MODE = wholemodule;
				SWIFT_OPTIMIZATION_LEVEL = "-O";
				VALIDATE_PRODUCT = YES;
			};
			name = Release;
		};
		ACAADBD822B23DF700C78423 /* Debug */ = {
			isa = XCBuildConfiguration;
			baseConfigurationReference = B6FB16AB562134500EDB72AB /* Pods-PocketLuggage.debug.xcconfig */;
			buildSettings = {
				ASSETCATALOG_COMPILER_APPICON_NAME = AppIcon;
				CODE_SIGN_STYLE = Automatic;
				DEVELOPMENT_TEAM = B3ZXCXJK7A;
				INFOPLIST_FILE = PocketLuggage/Ressources/Info.plist;
				LD_RUNPATH_SEARCH_PATHS = (
					"$(inherited)",
					"@executable_path/Frameworks",
				);
				PRODUCT_BUNDLE_IDENTIFIER = Cublax.PocketLuggage;
				PRODUCT_NAME = "$(TARGET_NAME)";
				SWIFT_VERSION = 5.0;
				TARGETED_DEVICE_FAMILY = "1,2";
			};
			name = Debug;
		};
		ACAADBD922B23DF700C78423 /* Release */ = {
			isa = XCBuildConfiguration;
			baseConfigurationReference = F943260D96A68EC97277FAC9 /* Pods-PocketLuggage.release.xcconfig */;
			buildSettings = {
				ASSETCATALOG_COMPILER_APPICON_NAME = AppIcon;
				CODE_SIGN_STYLE = Automatic;
				DEVELOPMENT_TEAM = B3ZXCXJK7A;
				INFOPLIST_FILE = PocketLuggage/Ressources/Info.plist;
				LD_RUNPATH_SEARCH_PATHS = (
					"$(inherited)",
					"@executable_path/Frameworks",
				);
				PRODUCT_BUNDLE_IDENTIFIER = Cublax.PocketLuggage;
				PRODUCT_NAME = "$(TARGET_NAME)";
				SWIFT_VERSION = 5.0;
				TARGETED_DEVICE_FAMILY = "1,2";
			};
			name = Release;
		};
		ACAADBDB22B23DF700C78423 /* Debug */ = {
			isa = XCBuildConfiguration;
			buildSettings = {
				ALWAYS_EMBED_SWIFT_STANDARD_LIBRARIES = YES;
				BUNDLE_LOADER = "$(TEST_HOST)";
				CODE_SIGN_STYLE = Automatic;
				DEVELOPMENT_TEAM = B3ZXCXJK7A;
				INFOPLIST_FILE = PocketLuggageTests/Info.plist;
				LD_RUNPATH_SEARCH_PATHS = (
					"$(inherited)",
					"@executable_path/Frameworks",
					"@loader_path/Frameworks",
				);
				PRODUCT_BUNDLE_IDENTIFIER = Cublax.PocketLuggageTests;
				PRODUCT_NAME = "$(TARGET_NAME)";
				SWIFT_VERSION = 5.0;
				TARGETED_DEVICE_FAMILY = "1,2";
				TEST_HOST = "$(BUILT_PRODUCTS_DIR)/PocketLuggage.app/PocketLuggage";
			};
			name = Debug;
		};
		ACAADBDC22B23DF700C78423 /* Release */ = {
			isa = XCBuildConfiguration;
			buildSettings = {
				ALWAYS_EMBED_SWIFT_STANDARD_LIBRARIES = YES;
				BUNDLE_LOADER = "$(TEST_HOST)";
				CODE_SIGN_STYLE = Automatic;
				DEVELOPMENT_TEAM = B3ZXCXJK7A;
				INFOPLIST_FILE = PocketLuggageTests/Info.plist;
				LD_RUNPATH_SEARCH_PATHS = (
					"$(inherited)",
					"@executable_path/Frameworks",
					"@loader_path/Frameworks",
				);
				PRODUCT_BUNDLE_IDENTIFIER = Cublax.PocketLuggageTests;
				PRODUCT_NAME = "$(TARGET_NAME)";
				SWIFT_VERSION = 5.0;
				TARGETED_DEVICE_FAMILY = "1,2";
				TEST_HOST = "$(BUILT_PRODUCTS_DIR)/PocketLuggage.app/PocketLuggage";
			};
			name = Release;
		};
/* End XCBuildConfiguration section */

/* Begin XCConfigurationList section */
		ACAADBB522B23DF500C78423 /* Build configuration list for PBXProject "PocketLuggage" */ = {
			isa = XCConfigurationList;
			buildConfigurations = (
				ACAADBD522B23DF700C78423 /* Debug */,
				ACAADBD622B23DF700C78423 /* Release */,
			);
			defaultConfigurationIsVisible = 0;
			defaultConfigurationName = Release;
		};
		ACAADBD722B23DF700C78423 /* Build configuration list for PBXNativeTarget "PocketLuggage" */ = {
			isa = XCConfigurationList;
			buildConfigurations = (
				ACAADBD822B23DF700C78423 /* Debug */,
				ACAADBD922B23DF700C78423 /* Release */,
			);
			defaultConfigurationIsVisible = 0;
			defaultConfigurationName = Release;
		};
		ACAADBDA22B23DF700C78423 /* Build configuration list for PBXNativeTarget "PocketLuggageTests" */ = {
			isa = XCConfigurationList;
			buildConfigurations = (
				ACAADBDB22B23DF700C78423 /* Debug */,
				ACAADBDC22B23DF700C78423 /* Release */,
			);
			defaultConfigurationIsVisible = 0;
			defaultConfigurationName = Release;
		};
/* End XCConfigurationList section */
	};
	rootObject = ACAADBB222B23DF500C78423 /* Project object */;
}
